
Microsoft Visual Studio Solution File, Format Version 12.00
# Visual Studio Version 17
VisualStudioVersion = 17.1.32319.34
MinimumVisualStudioVersion = 10.0.40219.1
Project("{FAE04EC0-301F-11D3-BF4B-00C04F79EFBC}") = "TraceRouteWindowsApp", "TraceRouteWindowsApp\TraceRouteWindowsApp.csproj", "{D729FB86-B9B2-4FCF-89AF-FF3F8D1E19F0}"
EndProject
Global
	GlobalSection(SolutionConfigurationPlatforms) = preSolution
		Debug|Any CPU = Debug|Any CPU
		Release|Any CPU = Release|Any CPU
	EndGlobalSection
	GlobalSection(ProjectConfigurationPlatforms) = postSolution
		{D729FB86-B9B2-4FCF-89AF-FF3F8D1E19F0}.Debug|Any CPU.ActiveCfg = Debug|Any CPU
		{D729FB86-B9B2-4FCF-89AF-FF3F8D1E19F0}.Debug|Any CPU.Build.0 = Debug|Any CPU
		{D729FB86-B9B2-4FCF-89AF-FF3F8D1E19F0}.Release|Any CPU.ActiveCfg = Release|Any CPU
		{D729FB86-B9B2-4FCF-89AF-FF3F8D1E19F0}.Release|Any CPU.Build.0 = Release|Any CPU
	EndGlobalSection
	GlobalSection(SolutionProperties) = preSolution
		HideSolutionNode = FALSE
	EndGlobalSection
	GlobalSection(ExtensibilityGlobals) = postSolution
		SolutionGuid = {B59E9C56-CBA4-4AB3-9C00-9E31940D3060}
	EndGlobalSection
EndGlobal
